
Microsoft Visual Studio Solution File, Format Version 12.00
# Visual Studio Version 17
VisualStudioVersion = 17.4.33103.184
MinimumVisualStudioVersion = 10.0.40219.1
Project("{8BC9CEB8-8B4A-11D0-8D11-00A0C91BC942}") = "пр23", "пр23\пр23.vcxproj", "{4E540964-4827-48C2-8D94-9A4DAF058C9C}"
EndProject
Global
	GlobalSection(SolutionConfigurationPlatforms) = preSolution
		Debug|x64 = Debug|x64
		Debug|x86 = Debug|x86
		Release|x64 = Release|x64
		Release|x86 = Release|x86
	EndGlobalSection
	GlobalSection(ProjectConfigurationPlatforms) = postSolution
		{4E540964-4827-48C2-8D94-9A4DAF058C9C}.Debug|x64.ActiveCfg = Debug|x64
		{4E540964-4827-48C2-8D94-9A4DAF058C9C}.Debug|x64.Build.0 = Debug|x64
		{4E540964-4827-48C2-8D94-9A4DAF058C9C}.Debug|x86.ActiveCfg = Debug|Win32
		{4E540964-4827-48C2-8D94-9A4DAF058C9C}.Debug|x86.Build.0 = Debug|Win32
		{4E540964-4827-48C2-8D94-9A4DAF058C9C}.Release|x64.ActiveCfg = Release|x64
		{4E540964-4827-48C2-8D94-9A4DAF058C9C}.Release|x64.Build.0 = Release|x64
		{4E540964-4827-48C2-8D94-9A4DAF058C9C}.Release|x86.ActiveCfg = Release|Win32
		{4E540964-4827-48C2-8D94-9A4DAF058C9C}.Release|x86.Build.0 = Release|Win32
	EndGlobalSection
	GlobalSection(SolutionProperties) = preSolution
		HideSolutionNode = FALSE
	EndGlobalSection
	GlobalSection(ExtensibilityGlobals) = postSolution
		SolutionGuid = {BF6D360C-E5A3-4773-8A56-879519EC362A}
	EndGlobalSection
EndGlobal
